
Microsoft Visual Studio Solution File, Format Version 12.00
# Visual Studio Version 16
VisualStudioVersion = 16.0.32413.511
MinimumVisualStudioVersion = 10.0.40219.1
Project("{9A19103F-16F7-4668-BE54-9A1E7A4F7556}") = "WebUI", "WebUI\WebUI.csproj", "{8094B47A-2BCD-4BC7-B7EF-930704B86B12}"
EndProject
Project("{9A19103F-16F7-4668-BE54-9A1E7A4F7556}") = "Core", "Core\Core.csproj", "{5293C3CC-4E6F-4AB4-9F11-54688B7EB533}"
EndProject
Project("{9A19103F-16F7-4668-BE54-9A1E7A4F7556}") = "DataAccess", "DataAccess\DataAccess.csproj", "{7AE71397-19D9-4EC2-829D-7698AC13044B}"
EndProject
Project("{9A19103F-16F7-4668-BE54-9A1E7A4F7556}") = "Entities", "Entities\Entities.csproj", "{ACC801B5-CD05-43DB-828C-7A4D1E9C4551}"
EndProject
Project("{9A19103F-16F7-4668-BE54-9A1E7A4F7556}") = "GaleriApi", "GaleriApi\GaleriApi.csproj", "{2C32B835-7138-4BB6-AF46-544995C07EEA}"
EndProject
Project("{9A19103F-16F7-4668-BE54-9A1E7A4F7556}") = "ArabaApi", "ArabaApi\ArabaApi.csproj", "{F556D645-5212-4F6A-A3AE-277B907AF16B}"
EndProject
Project("{2150E333-8FDC-42A3-9474-1A3956D46DE8}") = "SqlCodes", "SqlCodes", "{44EA7BD6-5542-4616-9375-F14113B19FD5}"
	ProjectSection(SolutionItems) = preProject
		..\..\..\..\OneDrive\Masaüstü\V_ArabaVeGaleriTablosuSqlCode.sql = ..\..\..\..\OneDrive\Masaüstü\V_ArabaVeGaleriTablosuSqlCode.sql
	EndProjectSection
EndProject
Global
	GlobalSection(SolutionConfigurationPlatforms) = preSolution
		Debug|Any CPU = Debug|Any CPU
		Release|Any CPU = Release|Any CPU
	EndGlobalSection
	GlobalSection(ProjectConfigurationPlatforms) = postSolution
		{8094B47A-2BCD-4BC7-B7EF-930704B86B12}.Debug|Any CPU.ActiveCfg = Debug|Any CPU
		{8094B47A-2BCD-4BC7-B7EF-930704B86B12}.Debug|Any CPU.Build.0 = Debug|Any CPU
		{8094B47A-2BCD-4BC7-B7EF-930704B86B12}.Release|Any CPU.ActiveCfg = Release|Any CPU
		{8094B47A-2BCD-4BC7-B7EF-930704B86B12}.Release|Any CPU.Build.0 = Release|Any CPU
		{5293C3CC-4E6F-4AB4-9F11-54688B7EB533}.Debug|Any CPU.ActiveCfg = Debug|Any CPU
		{5293C3CC-4E6F-4AB4-9F11-54688B7EB533}.Debug|Any CPU.Build.0 = Debug|Any CPU
		{5293C3CC-4E6F-4AB4-9F11-54688B7EB533}.Release|Any CPU.ActiveCfg = Release|Any CPU
		{5293C3CC-4E6F-4AB4-9F11-54688B7EB533}.Release|Any CPU.Build.0 = Release|Any CPU
		{7AE71397-19D9-4EC2-829D-7698AC13044B}.Debug|Any CPU.ActiveCfg = Debug|Any CPU
		{7AE71397-19D9-4EC2-829D-7698AC13044B}.Debug|Any CPU.Build.0 = Debug|Any CPU
		{7AE71397-19D9-4EC2-829D-7698AC13044B}.Release|Any CPU.ActiveCfg = Release|Any CPU
		{7AE71397-19D9-4EC2-829D-7698AC13044B}.Release|Any CPU.Build.0 = Release|Any CPU
		{ACC801B5-CD05-43DB-828C-7A4D1E9C4551}.Debug|Any CPU.ActiveCfg = Debug|Any CPU
		{ACC801B5-CD05-43DB-828C-7A4D1E9C4551}.Debug|Any CPU.Build.0 = Debug|Any CPU
		{ACC801B5-CD05-43DB-828C-7A4D1E9C4551}.Release|Any CPU.ActiveCfg = Release|Any CPU
		{ACC801B5-CD05-43DB-828C-7A4D1E9C4551}.Release|Any CPU.Build.0 = Release|Any CPU
		{2C32B835-7138-4BB6-AF46-544995C07EEA}.Debug|Any CPU.ActiveCfg = Debug|Any CPU
		{2C32B835-7138-4BB6-AF46-544995C07EEA}.Debug|Any CPU.Build.0 = Debug|Any CPU
		{2C32B835-7138-4BB6-AF46-544995C07EEA}.Release|Any CPU.ActiveCfg = Release|Any CPU
		{2C32B835-7138-4BB6-AF46-544995C07EEA}.Release|Any CPU.Build.0 = Release|Any CPU
		{F556D645-5212-4F6A-A3AE-277B907AF16B}.Debug|Any CPU.ActiveCfg = Debug|Any CPU
		{F556D645-5212-4F6A-A3AE-277B907AF16B}.Debug|Any CPU.Build.0 = Debug|Any CPU
		{F556D645-5212-4F6A-A3AE-277B907AF16B}.Release|Any CPU.ActiveCfg = Release|Any CPU
		{F556D645-5212-4F6A-A3AE-277B907AF16B}.Release|Any CPU.Build.0 = Release|Any CPU
	EndGlobalSection
	GlobalSection(SolutionProperties) = preSolution
		HideSolutionNode = FALSE
	EndGlobalSection
	GlobalSection(ExtensibilityGlobals) = postSolution
		SolutionGuid = {F7D20624-7DA3-4016-BFCE-9E4BB9C1F16A}
	EndGlobalSection
EndGlobal
